
Microsoft Visual Studio Solution File, Format Version 12.00
# Visual Studio Version 16
VisualStudioVersion = 16.0.30621.155
MinimumVisualStudioVersion = 10.0.40219.1
Project("{8BC9CEB8-8B4A-11D0-8D11-00A0C91BC942}") = "battle", "battle.vcxproj", "{E808DF3B-9371-43F1-B7BA-E62E8341BE3D}"
EndProject
Global
	GlobalSection(SolutionConfigurationPlatforms) = preSolution
		Debug|x64 = Debug|x64
		Debug|x86 = Debug|x86
		Release|x64 = Release|x64
		Release|x86 = Release|x86
	EndGlobalSection
	GlobalSection(ProjectConfigurationPlatforms) = postSolution
		{E808DF3B-9371-43F1-B7BA-E62E8341BE3D}.Debug|x64.ActiveCfg = Debug|x64
		{E808DF3B-9371-43F1-B7BA-E62E8341BE3D}.Debug|x64.Build.0 = Debug|x64
		{E808DF3B-9371-43F1-B7BA-E62E8341BE3D}.Debug|x86.ActiveCfg = Debug|Win32
		{E808DF3B-9371-43F1-B7BA-E62E8341BE3D}.Debug|x86.Build.0 = Debug|Win32
		{E808DF3B-9371-43F1-B7BA-E62E8341BE3D}.Release|x64.ActiveCfg = Release|x64
		{E808DF3B-9371-43F1-B7BA-E62E8341BE3D}.Release|x64.Build.0 = Release|x64
		{E808DF3B-9371-43F1-B7BA-E62E8341BE3D}.Release|x86.ActiveCfg = Release|Win32
		{E808DF3B-9371-43F1-B7BA-E62E8341BE3D}.Release|x86.Build.0 = Release|Win32
	EndGlobalSection
	GlobalSection(SolutionProperties) = preSolution
		HideSolutionNode = FALSE
	EndGlobalSection
	GlobalSection(ExtensibilityGlobals) = postSolution
		SolutionGuid = {3487CD11-31F2-4087-AE3B-6C276934AE01}
	EndGlobalSection
EndGlobal
